
Microsoft Visual Studio Solution File, Format Version 12.00
# Visual Studio 15
VisualStudioVersion = 15.0.27004.2006
MinimumVisualStudioVersion = 10.0.40219.1
Project("{FAE04EC0-301F-11D3-BF4B-00C04F79EFBC}") = "Sort Algorithms", "Sort Algorithms\Sort Algorithms.csproj", "{0C0B6CC9-DA4A-4C01-940D-7C8D06EDC80E}"
EndProject
Global
	GlobalSection(SolutionConfigurationPlatforms) = preSolution
		Debug|Any CPU = Debug|Any CPU
		Release|Any CPU = Release|Any CPU
	EndGlobalSection
	GlobalSection(ProjectConfigurationPlatforms) = postSolution
		{0C0B6CC9-DA4A-4C01-940D-7C8D06EDC80E}.Debug|Any CPU.ActiveCfg = Debug|Any CPU
		{0C0B6CC9-DA4A-4C01-940D-7C8D06EDC80E}.Debug|Any CPU.Build.0 = Debug|Any CPU
		{0C0B6CC9-DA4A-4C01-940D-7C8D06EDC80E}.Release|Any CPU.ActiveCfg = Release|Any CPU
		{0C0B6CC9-DA4A-4C01-940D-7C8D06EDC80E}.Release|Any CPU.Build.0 = Release|Any CPU
	EndGlobalSection
	GlobalSection(SolutionProperties) = preSolution
		HideSolutionNode = FALSE
	EndGlobalSection
	GlobalSection(ExtensibilityGlobals) = postSolution
		SolutionGuid = {FE588578-6140-4FAF-AA9C-0FBF0BE19D39}
	EndGlobalSection
EndGlobal
